
Microsoft Visual Studio Solution File, Format Version 12.00
# Visual Studio 2012
Project("{FAE04EC0-301F-11D3-BF4B-00C04F79EFBC}") = "Tconnect", "Tconnect\Tconnect.csproj", "{98DA5564-F065-43C1-95EF-D3C6DB34AA4B}"
EndProject
Project("{FAE04EC0-301F-11D3-BF4B-00C04F79EFBC}") = "Tconnect.Droid", "Droid\Tconnect.Droid.csproj", "{6FF2F512-BB24-461F-9717-184919618881}"
EndProject
Project("{FAE04EC0-301F-11D3-BF4B-00C04F79EFBC}") = "Tconnect.UITests", "UITests\Tconnect.UITests.csproj", "{267C74B7-70EE-4C9D-A683-B3D18CCD85F6}"
EndProject
Project("{FAE04EC0-301F-11D3-BF4B-00C04F79EFBC}") = "Tconnect.Data", "Tconnect.Data\Tconnect.Data.csproj", "{C4045654-E133-4582-BF99-81D4629F9760}"
EndProject
Global
	GlobalSection(SolutionConfigurationPlatforms) = preSolution
		Debug|Any CPU = Debug|Any CPU
		Release|Any CPU = Release|Any CPU
	EndGlobalSection
	GlobalSection(ProjectConfigurationPlatforms) = postSolution
		{267C74B7-70EE-4C9D-A683-B3D18CCD85F6}.Debug|Any CPU.ActiveCfg = Debug|Any CPU
		{267C74B7-70EE-4C9D-A683-B3D18CCD85F6}.Debug|Any CPU.Build.0 = Debug|Any CPU
		{267C74B7-70EE-4C9D-A683-B3D18CCD85F6}.Release|Any CPU.ActiveCfg = Release|Any CPU
		{267C74B7-70EE-4C9D-A683-B3D18CCD85F6}.Release|Any CPU.Build.0 = Release|Any CPU
		{6FF2F512-BB24-461F-9717-184919618881}.Debug|Any CPU.ActiveCfg = Debug|Any CPU
		{6FF2F512-BB24-461F-9717-184919618881}.Debug|Any CPU.Build.0 = Debug|Any CPU
		{6FF2F512-BB24-461F-9717-184919618881}.Release|Any CPU.ActiveCfg = Release|Any CPU
		{6FF2F512-BB24-461F-9717-184919618881}.Release|Any CPU.Build.0 = Release|Any CPU
		{98DA5564-F065-43C1-95EF-D3C6DB34AA4B}.Debug|Any CPU.ActiveCfg = Debug|Any CPU
		{98DA5564-F065-43C1-95EF-D3C6DB34AA4B}.Debug|Any CPU.Build.0 = Debug|Any CPU
		{98DA5564-F065-43C1-95EF-D3C6DB34AA4B}.Release|Any CPU.ActiveCfg = Release|Any CPU
		{98DA5564-F065-43C1-95EF-D3C6DB34AA4B}.Release|Any CPU.Build.0 = Release|Any CPU
		{C4045654-E133-4582-BF99-81D4629F9760}.Debug|Any CPU.ActiveCfg = Debug|Any CPU
		{C4045654-E133-4582-BF99-81D4629F9760}.Debug|Any CPU.Build.0 = Debug|Any CPU
		{C4045654-E133-4582-BF99-81D4629F9760}.Release|Any CPU.ActiveCfg = Release|Any CPU
		{C4045654-E133-4582-BF99-81D4629F9760}.Release|Any CPU.Build.0 = Release|Any CPU
	EndGlobalSection
EndGlobal
